
Microsoft Visual Studio Solution File, Format Version 12.00
# Visual Studio Version 17
VisualStudioVersion = 17.4.33213.308
MinimumVisualStudioVersion = 10.0.40219.1
Project("{FAE04EC0-301F-11D3-BF4B-00C04F79EFBC}") = "math_quiz", "math_quiz.csproj", "{6FF9184D-A4B2-4996-B374-31A750DC5150}"
EndProject
Global
	GlobalSection(SolutionConfigurationPlatforms) = preSolution
		Debug|Any CPU = Debug|Any CPU
		Release|Any CPU = Release|Any CPU
	EndGlobalSection
	GlobalSection(ProjectConfigurationPlatforms) = postSolution
		{6FF9184D-A4B2-4996-B374-31A750DC5150}.Debug|Any CPU.ActiveCfg = Debug|Any CPU
		{6FF9184D-A4B2-4996-B374-31A750DC5150}.Debug|Any CPU.Build.0 = Debug|Any CPU
		{6FF9184D-A4B2-4996-B374-31A750DC5150}.Release|Any CPU.ActiveCfg = Release|Any CPU
		{6FF9184D-A4B2-4996-B374-31A750DC5150}.Release|Any CPU.Build.0 = Release|Any CPU
	EndGlobalSection
	GlobalSection(SolutionProperties) = preSolution
		HideSolutionNode = FALSE
	EndGlobalSection
	GlobalSection(ExtensibilityGlobals) = postSolution
		SolutionGuid = {112DF481-9137-4F84-B4BC-6412C113B5F3}
	EndGlobalSection
EndGlobal
